// !$*UTF8*$!
{
	archiveVersion = 1;
	classes = {
	};
	objectVersion = 56;
	objects = {

/* Begin PBXBuildFile section */
		6D4B772F2C14DD24008BFF65 /* NasaImageDetailViewModel.swift in Sources */ = {isa = PBXBuildFile; fileRef = 6D4B772E2C14DD24008BFF65 /* NasaImageDetailViewModel.swift */; };
		6D4B77332C15D82E008BFF65 /* YearRangePickerView.swift in Sources */ = {isa = PBXBuildFile; fileRef = 6D4B77322C15D82E008BFF65 /* YearRangePickerView.swift */; };
		6DA4B9A32C1A2EF200ADFAFA /* NASAImageDetailViewModelTests.swift in Sources */ = {isa = PBXBuildFile; fileRef = 6DA4B9A22C1A2EF200ADFAFA /* NASAImageDetailViewModelTests.swift */; };
		6DA4B9A52C1A2F5000ADFAFA /* Mocks.swift in Sources */ = {isa = PBXBuildFile; fileRef = 6DA4B9A42C1A2F5000ADFAFA /* Mocks.swift */; };
		6DA4B9A72C1A3FA900ADFAFA /* README.md in Resources */ = {isa = PBXBuildFile; fileRef = 6DA4B9A62C1A3FA900ADFAFA /* README.md */; };
		6DC131DC2C1441A200B7F2FE /* AppDelegate.swift in Sources */ = {isa = PBXBuildFile; fileRef = 6DC131DB2C1441A200B7F2FE /* AppDelegate.swift */; };
		6DC131DE2C1441A200B7F2FE /* SceneDelegate.swift in Sources */ = {isa = PBXBuildFile; fileRef = 6DC131DD2C1441A200B7F2FE /* SceneDelegate.swift */; };
		6DC131E02C1441A200B7F2FE /* NASAImageListViewController.swift in Sources */ = {isa = PBXBuildFile; fileRef = 6DC131DF2C1441A200B7F2FE /* NASAImageListViewController.swift */; };
		6DC131E52C1441A600B7F2FE /* Assets.xcassets in Resources */ = {isa = PBXBuildFile; fileRef = 6DC131E42C1441A600B7F2FE /* Assets.xcassets */; };
		6DC131E82C1441A600B7F2FE /* LaunchScreen.storyboard in Resources */ = {isa = PBXBuildFile; fileRef = 6DC131E62C1441A600B7F2FE /* LaunchScreen.storyboard */; };
		6DC131F32C1441A600B7F2FE /* NASAImageViewModelTests.swift in Sources */ = {isa = PBXBuildFile; fileRef = 6DC131F22C1441A600B7F2FE /* NASAImageViewModelTests.swift */; };
		6DC1320D2C14421B00B7F2FE /* Models.swift in Sources */ = {isa = PBXBuildFile; fileRef = 6DC1320C2C14421B00B7F2FE /* Models.swift */; };
		6DC132132C1442A400B7F2FE /* NetworkService.swift in Sources */ = {isa = PBXBuildFile; fileRef = 6DC132122C1442A400B7F2FE /* NetworkService.swift */; };
		6DC132152C14466200B7F2FE /* NasaImageViewModel.swift in Sources */ = {isa = PBXBuildFile; fileRef = 6DC132142C14466200B7F2FE /* NasaImageViewModel.swift */; };
		6DC132172C1446D200B7F2FE /* NASAImageCell.swift in Sources */ = {isa = PBXBuildFile; fileRef = 6DC132162C1446D200B7F2FE /* NASAImageCell.swift */; };
		6DC132192C1446FC00B7F2FE /* NASAImageDetailViewController.swift in Sources */ = {isa = PBXBuildFile; fileRef = 6DC132182C1446FC00B7F2FE /* NASAImageDetailViewController.swift */; };
		6DC1321D2C146CCE00B7F2FE /* ImageCache.swift in Sources */ = {isa = PBXBuildFile; fileRef = 6DC1321C2C146CCE00B7F2FE /* ImageCache.swift */; };
		6DC1321F2C146FCE00B7F2FE /* APIError.swift in Sources */ = {isa = PBXBuildFile; fileRef = 6DC1321E2C146FCE00B7F2FE /* APIError.swift */; };
		6DC132232C14AE8900B7F2FE /* RocketAnimationView.swift in Sources */ = {isa = PBXBuildFile; fileRef = 6DC132222C14AE8900B7F2FE /* RocketAnimationView.swift */; };
/* End PBXBuildFile section */

/* Begin PBXContainerItemProxy section */
		6DC131EF2C1441A600B7F2FE /* PBXContainerItemProxy */ = {
			isa = PBXContainerItemProxy;
			containerPortal = 6DC131D02C1441A200B7F2FE /* Project object */;
			proxyType = 1;
			remoteGlobalIDString = 6DC131D72C1441A200B7F2FE;
			remoteInfo = TabletxNasa;
		};
/* End PBXContainerItemProxy section */

/* Begin PBXFileReference section */
		6D4B772E2C14DD24008BFF65 /* NasaImageDetailViewModel.swift */ = {isa = PBXFileReference; lastKnownFileType = sourcecode.swift; path = NasaImageDetailViewModel.swift; sourceTree = "<group>"; };
		6D4B77322C15D82E008BFF65 /* YearRangePickerView.swift */ = {isa = PBXFileReference; lastKnownFileType = sourcecode.swift; path = YearRangePickerView.swift; sourceTree = "<group>"; };
		6DA4B9A22C1A2EF200ADFAFA /* NASAImageDetailViewModelTests.swift */ = {isa = PBXFileReference; lastKnownFileType = sourcecode.swift; path = NASAImageDetailViewModelTests.swift; sourceTree = "<group>"; };
		6DA4B9A42C1A2F5000ADFAFA /* Mocks.swift */ = {isa = PBXFileReference; lastKnownFileType = sourcecode.swift; path = Mocks.swift; sourceTree = "<group>"; };
		6DA4B9A62C1A3FA900ADFAFA /* README.md */ = {isa = PBXFileReference; lastKnownFileType = net.daringfireball.markdown; path = README.md; sourceTree = "<group>"; };
		6DC131D82C1441A200B7F2FE /* TabletxNasa.app */ = {isa = PBXFileReference; explicitFileType = wrapper.application; includeInIndex = 0; path = TabletxNasa.app; sourceTree = BUILT_PRODUCTS_DIR; };
		6DC131DB2C1441A200B7F2FE /* AppDelegate.swift */ = {isa = PBXFileReference; lastKnownFileType = sourcecode.swift; path = AppDelegate.swift; sourceTree = "<group>"; };
		6DC131DD2C1441A200B7F2FE /* SceneDelegate.swift */ = {isa = PBXFileReference; lastKnownFileType = sourcecode.swift; path = SceneDelegate.swift; sourceTree = "<group>"; };
		6DC131DF2C1441A200B7F2FE /* NASAImageListViewController.swift */ = {isa = PBXFileReference; lastKnownFileType = sourcecode.swift; path = NASAImageListViewController.swift; sourceTree = "<group>"; };
		6DC131E42C1441A600B7F2FE /* Assets.xcassets */ = {isa = PBXFileReference; lastKnownFileType = folder.assetcatalog; path = Assets.xcassets; sourceTree = "<group>"; };
		6DC131E72C1441A600B7F2FE /* Base */ = {isa = PBXFileReference; lastKnownFileType = file.storyboard; name = Base; path = Base.lproj/LaunchScreen.storyboard; sourceTree = "<group>"; };
		6DC131E92C1441A600B7F2FE /* Info.plist */ = {isa = PBXFileReference; lastKnownFileType = text.plist.xml; path = Info.plist; sourceTree = "<group>"; };
		6DC131EE2C1441A600B7F2FE /* TabletxNasaTests.xctest */ = {isa = PBXFileReference; explicitFileType = wrapper.cfbundle; includeInIndex = 0; path = TabletxNasaTests.xctest; sourceTree = BUILT_PRODUCTS_DIR; };
		6DC131F22C1441A600B7F2FE /* NASAImageViewModelTests.swift */ = {isa = PBXFileReference; lastKnownFileType = sourcecode.swift; path = NASAImageViewModelTests.swift; sourceTree = "<group>"; };
		6DC1320C2C14421B00B7F2FE /* Models.swift */ = {isa = PBXFileReference; lastKnownFileType = sourcecode.swift; path = Models.swift; sourceTree = "<group>"; };
		6DC132122C1442A400B7F2FE /* NetworkService.swift */ = {isa = PBXFileReference; lastKnownFileType = sourcecode.swift; path = NetworkService.swift; sourceTree = "<group>"; };
		6DC132142C14466200B7F2FE /* NasaImageViewModel.swift */ = {isa = PBXFileReference; lastKnownFileType = sourcecode.swift; path = NasaImageViewModel.swift; sourceTree = "<group>"; };
		6DC132162C1446D200B7F2FE /* NASAImageCell.swift */ = {isa = PBXFileReference; lastKnownFileType = sourcecode.swift; path = NASAImageCell.swift; sourceTree = "<group>"; };
		6DC132182C1446FC00B7F2FE /* NASAImageDetailViewController.swift */ = {isa = PBXFileReference; lastKnownFileType = sourcecode.swift; path = NASAImageDetailViewController.swift; sourceTree = "<group>"; };
		6DC1321C2C146CCE00B7F2FE /* ImageCache.swift */ = {isa = PBXFileReference; lastKnownFileType = sourcecode.swift; path = ImageCache.swift; sourceTree = "<group>"; };
		6DC1321E2C146FCE00B7F2FE /* APIError.swift */ = {isa = PBXFileReference; lastKnownFileType = sourcecode.swift; path = APIError.swift; sourceTree = "<group>"; };
		6DC132222C14AE8900B7F2FE /* RocketAnimationView.swift */ = {isa = PBXFileReference; lastKnownFileType = sourcecode.swift; path = RocketAnimationView.swift; sourceTree = "<group>"; };
/* End PBXFileReference section */

/* Begin PBXFrameworksBuildPhase section */
		6DC131D52C1441A200B7F2FE /* Frameworks */ = {
			isa = PBXFrameworksBuildPhase;
			buildActionMask = 2147483647;
			files = (
			);
			runOnlyForDeploymentPostprocessing = 0;
		};
		6DC131EB2C1441A600B7F2FE /* Frameworks */ = {
			isa = PBXFrameworksBuildPhase;
			buildActionMask = 2147483647;
			files = (
			);
			runOnlyForDeploymentPostprocessing = 0;
		};
/* End PBXFrameworksBuildPhase section */

/* Begin PBXGroup section */
		6DC131CF2C1441A200B7F2FE = {
			isa = PBXGroup;
			children = (
				6DA4B9A62C1A3FA900ADFAFA /* README.md */,
				6DC131DA2C1441A200B7F2FE /* TabletxNasa */,
				6DC131F12C1441A600B7F2FE /* TabletxNasaTests */,
				6DC131D92C1441A200B7F2FE /* Products */,
			);
			sourceTree = "<group>";
		};
		6DC131D92C1441A200B7F2FE /* Products */ = {
			isa = PBXGroup;
			children = (
				6DC131D82C1441A200B7F2FE /* TabletxNasa.app */,
				6DC131EE2C1441A600B7F2FE /* TabletxNasaTests.xctest */,
			);
			name = Products;
			sourceTree = "<group>";
		};
		6DC131DA2C1441A200B7F2FE /* TabletxNasa */ = {
			isa = PBXGroup;
			children = (
				6DC1321B2C146CB700B7F2FE /* Utilities */,
				6DC132112C14427400B7F2FE /* Views */,
				6DC132102C14426200B7F2FE /* Services */,
				6DC1320F2C14425400B7F2FE /* ViewModels */,
				6DC1320B2C1441DC00B7F2FE /* Models */,
				6DC131DB2C1441A200B7F2FE /* AppDelegate.swift */,
				6DC131DD2C1441A200B7F2FE /* SceneDelegate.swift */,
				6DC131E42C1441A600B7F2FE /* Assets.xcassets */,
				6DC131E62C1441A600B7F2FE /* LaunchScreen.storyboard */,
				6DC131E92C1441A600B7F2FE /* Info.plist */,
			);
			path = TabletxNasa;
			sourceTree = "<group>";
		};
		6DC131F12C1441A600B7F2FE /* TabletxNasaTests */ = {
			isa = PBXGroup;
			children = (
				6DC131F22C1441A600B7F2FE /* NASAImageViewModelTests.swift */,
				6DA4B9A22C1A2EF200ADFAFA /* NASAImageDetailViewModelTests.swift */,
				6DA4B9A42C1A2F5000ADFAFA /* Mocks.swift */,
			);
			path = TabletxNasaTests;
			sourceTree = "<group>";
		};
		6DC1320B2C1441DC00B7F2FE /* Models */ = {
			isa = PBXGroup;
			children = (
				6DC1320C2C14421B00B7F2FE /* Models.swift */,
			);
			path = Models;
			sourceTree = "<group>";
		};
		6DC1320F2C14425400B7F2FE /* ViewModels */ = {
			isa = PBXGroup;
			children = (
				6DC132142C14466200B7F2FE /* NasaImageViewModel.swift */,
				6D4B772E2C14DD24008BFF65 /* NasaImageDetailViewModel.swift */,
			);
			path = ViewModels;
			sourceTree = "<group>";
		};
		6DC132102C14426200B7F2FE /* Services */ = {
			isa = PBXGroup;
			children = (
				6DC132122C1442A400B7F2FE /* NetworkService.swift */,
				6DC1321E2C146FCE00B7F2FE /* APIError.swift */,
			);
			path = Services;
			sourceTree = "<group>";
		};
		6DC132112C14427400B7F2FE /* Views */ = {
			isa = PBXGroup;
			children = (
				6DC131DF2C1441A200B7F2FE /* NASAImageListViewController.swift */,
				6DC132182C1446FC00B7F2FE /* NASAImageDetailViewController.swift */,
				6DC132162C1446D200B7F2FE /* NASAImageCell.swift */,
				6D4B77322C15D82E008BFF65 /* YearRangePickerView.swift */,
				6DC132222C14AE8900B7F2FE /* RocketAnimationView.swift */,
			);
			path = Views;
			sourceTree = "<group>";
		};
		6DC1321B2C146CB700B7F2FE /* Utilities */ = {
			isa = PBXGroup;
			children = (
				6DC1321C2C146CCE00B7F2FE /* ImageCache.swift */,
			);
			path = Utilities;
			sourceTree = "<group>";
		};
/* End PBXGroup section */

/* Begin PBXNativeTarget section */
		6DC131D72C1441A200B7F2FE /* TabletxNasa */ = {
			isa = PBXNativeTarget;
			buildConfigurationList = 6DC132022C1441A600B7F2FE /* Build configuration list for PBXNativeTarget "TabletxNasa" */;
			buildPhases = (
				6DC131D42C1441A200B7F2FE /* Sources */,
				6DC131D52C1441A200B7F2FE /* Frameworks */,
				6DC131D62C1441A200B7F2FE /* Resources */,
			);
			buildRules = (
			);
			dependencies = (
			);
			name = TabletxNasa;
			productName = TabletxNasa;
			productReference = 6DC131D82C1441A200B7F2FE /* TabletxNasa.app */;
			productType = "com.apple.product-type.application";
		};
		6DC131ED2C1441A600B7F2FE /* TabletxNasaTests */ = {
			isa = PBXNativeTarget;
			buildConfigurationList = 6DC132052C1441A600B7F2FE /* Build configuration list for PBXNativeTarget "TabletxNasaTests" */;
			buildPhases = (
				6DC131EA2C1441A600B7F2FE /* Sources */,
				6DC131EB2C1441A600B7F2FE /* Frameworks */,
				6DC131EC2C1441A600B7F2FE /* Resources */,
			);
			buildRules = (
			);
			dependencies = (
				6DC131F02C1441A600B7F2FE /* PBXTargetDependency */,
			);
			name = TabletxNasaTests;
			productName = TabletxNasaTests;
			productReference = 6DC131EE2C1441A600B7F2FE /* TabletxNasaTests.xctest */;
			productType = "com.apple.product-type.bundle.unit-test";
		};
/* End PBXNativeTarget section */

/* Begin PBXProject section */
		6DC131D02C1441A200B7F2FE /* Project object */ = {
			isa = PBXProject;
			attributes = {
				BuildIndependentTargetsInParallel = 1;
				LastSwiftUpdateCheck = 1510;
				LastUpgradeCheck = 1510;
				TargetAttributes = {
					6DC131D72C1441A200B7F2FE = {
						CreatedOnToolsVersion = 15.1;
					};
					6DC131ED2C1441A600B7F2FE = {
						CreatedOnToolsVersion = 15.1;
						TestTargetID = 6DC131D72C1441A200B7F2FE;
					};
				};
			};
			buildConfigurationList = 6DC131D32C1441A200B7F2FE /* Build configuration list for PBXProject "TabletxNasa" */;
			compatibilityVersion = "Xcode 14.0";
			developmentRegion = en;
			hasScannedForEncodings = 0;
			knownRegions = (
				en,
				Base,
			);
			mainGroup = 6DC131CF2C1441A200B7F2FE;
			productRefGroup = 6DC131D92C1441A200B7F2FE /* Products */;
			projectDirPath = "";
			projectRoot = "";
			targets = (
				6DC131D72C1441A200B7F2FE /* TabletxNasa */,
				6DC131ED2C1441A600B7F2FE /* TabletxNasaTests */,
			);
		};
/* End PBXProject section */

/* Begin PBXResourcesBuildPhase section */
		6DC131D62C1441A200B7F2FE /* Resources */ = {
			isa = PBXResourcesBuildPhase;
			buildActionMask = 2147483647;
			files = (
				6DC131E82C1441A600B7F2FE /* LaunchScreen.storyboard in Resources */,
				6DC131E52C1441A600B7F2FE /* Assets.xcassets in Resources */,
			);
			runOnlyForDeploymentPostprocessing = 0;
		};
		6DC131EC2C1441A600B7F2FE /* Resources */ = {
			isa = PBXResourcesBuildPhase;
			buildActionMask = 2147483647;
			files = (
				6DA4B9A72C1A3FA900ADFAFA /* README.md in Resources */,
			);
			runOnlyForDeploymentPostprocessing = 0;
		};
/* End PBXResourcesBuildPhase section */

/* Begin PBXSourcesBuildPhase section */
		6DC131D42C1441A200B7F2FE /* Sources */ = {
			isa = PBXSourcesBuildPhase;
			buildActionMask = 2147483647;
			files = (
				6D4B772F2C14DD24008BFF65 /* NasaImageDetailViewModel.swift in Sources */,
				6DC132132C1442A400B7F2FE /* NetworkService.swift in Sources */,
				6DC132152C14466200B7F2FE /* NasaImageViewModel.swift in Sources */,
				6DC131E02C1441A200B7F2FE /* NASAImageListViewController.swift in Sources */,
				6DC1321F2C146FCE00B7F2FE /* APIError.swift in Sources */,
				6DC1321D2C146CCE00B7F2FE /* ImageCache.swift in Sources */,
				6DC132172C1446D200B7F2FE /* NASAImageCell.swift in Sources */,
				6DC131DC2C1441A200B7F2FE /* AppDelegate.swift in Sources */,
				6DC131DE2C1441A200B7F2FE /* SceneDelegate.swift in Sources */,
				6D4B77332C15D82E008BFF65 /* YearRangePickerView.swift in Sources */,
				6DC132192C1446FC00B7F2FE /* NASAImageDetailViewController.swift in Sources */,
				6DC1320D2C14421B00B7F2FE /* Models.swift in Sources */,
				6DC132232C14AE8900B7F2FE /* RocketAnimationView.swift in Sources */,
			);
			runOnlyForDeploymentPostprocessing = 0;
		};
		6DC131EA2C1441A600B7F2FE /* Sources */ = {
			isa = PBXSourcesBuildPhase;
			buildActionMask = 2147483647;
			files = (
				6DA4B9A32C1A2EF200ADFAFA /* NASAImageDetailViewModelTests.swift in Sources */,
				6DC131F32C1441A600B7F2FE /* NASAImageViewModelTests.swift in Sources */,
				6DA4B9A52C1A2F5000ADFAFA /* Mocks.swift in Sources */,
			);
			runOnlyForDeploymentPostprocessing = 0;
		};
/* End PBXSourcesBuildPhase section */

/* Begin PBXTargetDependency section */
		6DC131F02C1441A600B7F2FE /* PBXTargetDependency */ = {
			isa = PBXTargetDependency;
			target = 6DC131D72C1441A200B7F2FE /* TabletxNasa */;
			targetProxy = 6DC131EF2C1441A600B7F2FE /* PBXContainerItemProxy */;
		};
/* End PBXTargetDependency section */

/* Begin PBXVariantGroup section */
		6DC131E62C1441A600B7F2FE /* LaunchScreen.storyboard */ = {
			isa = PBXVariantGroup;
			children = (
				6DC131E72C1441A600B7F2FE /* Base */,
			);
			name = LaunchScreen.storyboard;
			sourceTree = "<group>";
		};
/* End PBXVariantGroup section */

/* Begin XCBuildConfiguration section */
		6DC132002C1441A600B7F2FE /* Debug */ = {
			isa = XCBuildConfiguration;
			buildSettings = {
				ALWAYS_SEARCH_USER_PATHS = NO;
				ASSETCATALOG_COMPILER_GENERATE_SWIFT_ASSET_SYMBOL_EXTENSIONS = YES;
				CLANG_ANALYZER_NONNULL = YES;
				CLANG_ANALYZER_NUMBER_OBJECT_CONVERSION = YES_AGGRESSIVE;
				CLANG_CXX_LANGUAGE_STANDARD = "gnu++20";
				CLANG_ENABLE_MODULES = YES;
				CLANG_ENABLE_OBJC_ARC = YES;
				CLANG_ENABLE_OBJC_WEAK = YES;
				CLANG_WARN_BLOCK_CAPTURE_AUTORELEASING = YES;
				CLANG_WARN_BOOL_CONVERSION = YES;
				CLANG_WARN_COMMA = YES;
				CLANG_WARN_CONSTANT_CONVERSION = YES;
				CLANG_WARN_DEPRECATED_OBJC_IMPLEMENTATIONS = YES;
				CLANG_WARN_DIRECT_OBJC_ISA_USAGE = YES_ERROR;
				CLANG_WARN_DOCUMENTATION_COMMENTS = YES;
				CLANG_WARN_EMPTY_BODY = YES;
				CLANG_WARN_ENUM_CONVERSION = YES;
				CLANG_WARN_INFINITE_RECURSION = YES;
				CLANG_WARN_INT_CONVERSION = YES;
				CLANG_WARN_NON_LITERAL_NULL_CONVERSION = YES;
				CLANG_WARN_OBJC_IMPLICIT_RETAIN_SELF = YES;
				CLANG_WARN_OBJC_LITERAL_CONVERSION = YES;
				CLANG_WARN_OBJC_ROOT_CLASS = YES_ERROR;
				CLANG_WARN_QUOTED_INCLUDE_IN_FRAMEWORK_HEADER = YES;
				CLANG_WARN_RANGE_LOOP_ANALYSIS = YES;
				CLANG_WARN_STRICT_PROTOTYPES = YES;
				CLANG_WARN_SUSPICIOUS_MOVE = YES;
				CLANG_WARN_UNGUARDED_AVAILABILITY = YES_AGGRESSIVE;
				CLANG_WARN_UNREACHABLE_CODE = YES;
				CLANG_WARN__DUPLICATE_METHOD_MATCH = YES;
				COPY_PHASE_STRIP = NO;
				DEBUG_INFORMATION_FORMAT = dwarf;
				ENABLE_STRICT_OBJC_MSGSEND = YES;
				ENABLE_TESTABILITY = YES;
				ENABLE_USER_SCRIPT_SANDBOXING = YES;
				GCC_C_LANGUAGE_STANDARD = gnu17;
				GCC_DYNAMIC_NO_PIC = NO;
				GCC_NO_COMMON_BLOCKS = YES;
				GCC_OPTIMIZATION_LEVEL = 0;
				GCC_PREPROCESSOR_DEFINITIONS = (
					"DEBUG=1",
					"$(inherited)",
				);
				GCC_WARN_64_TO_32_BIT_CONVERSION = YES;
				GCC_WARN_ABOUT_RETURN_TYPE = YES_ERROR;
				GCC_WARN_UNDECLARED_SELECTOR = YES;
				GCC_WARN_UNINITIALIZED_AUTOS = YES_AGGRESSIVE;
				GCC_WARN_UNUSED_FUNCTION = YES;
				GCC_WARN_UNUSED_VARIABLE = YES;
				IPHONEOS_DEPLOYMENT_TARGET = 17.2;
				LOCALIZATION_PREFERS_STRING_CATALOGS = YES;
				MTL_ENABLE_DEBUG_INFO = INCLUDE_SOURCE;
				MTL_FAST_MATH = YES;
				ONLY_ACTIVE_ARCH = YES;
				SDKROOT = iphoneos;
				SWIFT_ACTIVE_COMPILATION_CONDITIONS = "DEBUG $(inherited)";
				SWIFT_OPTIMIZATION_LEVEL = "-Onone";
			};
			name = Debug;
		};
		6DC132012C1441A600B7F2FE /* Release */ = {
			isa = XCBuildConfiguration;
			buildSettings = {
				ALWAYS_SEARCH_USER_PATHS = NO;
				ASSETCATALOG_COMPILER_GENERATE_SWIFT_ASSET_SYMBOL_EXTENSIONS = YES;
				CLANG_ANALYZER_NONNULL = YES;
				CLANG_ANALYZER_NUMBER_OBJECT_CONVERSION = YES_AGGRESSIVE;
				CLANG_CXX_LANGUAGE_STANDARD = "gnu++20";
				CLANG_ENABLE_MODULES = YES;
				CLANG_ENABLE_OBJC_ARC = YES;
				CLANG_ENABLE_OBJC_WEAK = YES;
				CLANG_WARN_BLOCK_CAPTURE_AUTORELEASING = YES;
				CLANG_WARN_BOOL_CONVERSION = YES;
				CLANG_WARN_COMMA = YES;
				CLANG_WARN_CONSTANT_CONVERSION = YES;
				CLANG_WARN_DEPRECATED_OBJC_IMPLEMENTATIONS = YES;
				CLANG_WARN_DIRECT_OBJC_ISA_USAGE = YES_ERROR;
				CLANG_WARN_DOCUMENTATION_COMMENTS = YES;
				CLANG_WARN_EMPTY_BODY = YES;
				CLANG_WARN_ENUM_CONVERSION = YES;
				CLANG_WARN_INFINITE_RECURSION = YES;
				CLANG_WARN_INT_CONVERSION = YES;
				CLANG_WARN_NON_LITERAL_NULL_CONVERSION = YES;
				CLANG_WARN_OBJC_IMPLICIT_RETAIN_SELF = YES;
				CLANG_WARN_OBJC_LITERAL_CONVERSION = YES;
				CLANG_WARN_OBJC_ROOT_CLASS = YES_ERROR;
				CLANG_WARN_QUOTED_INCLUDE_IN_FRAMEWORK_HEADER = YES;
				CLANG_WARN_RANGE_LOOP_ANALYSIS = YES;
				CLANG_WARN_STRICT_PROTOTYPES = YES;
				CLANG_WARN_SUSPICIOUS_MOVE = YES;
				CLANG_WARN_UNGUARDED_AVAILABILITY = YES_AGGRESSIVE;
				CLANG_WARN_UNREACHABLE_CODE = YES;
				CLANG_WARN__DUPLICATE_METHOD_MATCH = YES;
				COPY_PHASE_STRIP = NO;
				DEBUG_INFORMATION_FORMAT = "dwarf-with-dsym";
				ENABLE_NS_ASSERTIONS = NO;
				ENABLE_STRICT_OBJC_MSGSEND = YES;
				ENABLE_USER_SCRIPT_SANDBOXING = YES;
				GCC_C_LANGUAGE_STANDARD = gnu17;
				GCC_NO_COMMON_BLOCKS = YES;
				GCC_WARN_64_TO_32_BIT_CONVERSION = YES;
				GCC_WARN_ABOUT_RETURN_TYPE = YES_ERROR;
				GCC_WARN_UNDECLARED_SELECTOR = YES;
				GCC_WARN_UNINITIALIZED_AUTOS = YES_AGGRESSIVE;
				GCC_WARN_UNUSED_FUNCTION = YES;
				GCC_WARN_UNUSED_VARIABLE = YES;
				IPHONEOS_DEPLOYMENT_TARGET = 17.2;
				LOCALIZATION_PREFERS_STRING_CATALOGS = YES;
				MTL_ENABLE_DEBUG_INFO = NO;
				MTL_FAST_MATH = YES;
				SDKROOT = iphoneos;
				SWIFT_COMPILATION_MODE = wholemodule;
				VALIDATE_PRODUCT = YES;
			};
			name = Release;
		};
		6DC132032C1441A600B7F2FE /* Debug */ = {
			isa = XCBuildConfiguration;
			buildSettings = {
				ASSETCATALOG_COMPILER_APPICON_NAME = AppIcon;
				ASSETCATALOG_COMPILER_GLOBAL_ACCENT_COLOR_NAME = AccentColor;
				CODE_SIGN_STYLE = Automatic;
				CURRENT_PROJECT_VERSION = 1;
				DEVELOPMENT_TEAM = A3T35WB49A;
				GENERATE_INFOPLIST_FILE = YES;
				INFOPLIST_FILE = TabletxNasa/Info.plist;
				INFOPLIST_KEY_UIApplicationSupportsIndirectInputEvents = YES;
				INFOPLIST_KEY_UILaunchStoryboardName = LaunchScreen;
				INFOPLIST_KEY_UISupportedInterfaceOrientations_iPad = "UIInterfaceOrientationPortrait UIInterfaceOrientationPortraitUpsideDown UIInterfaceOrientationLandscapeLeft UIInterfaceOrientationLandscapeRight";
				INFOPLIST_KEY_UISupportedInterfaceOrientations_iPhone = "UIInterfaceOrientationPortrait UIInterfaceOrientationLandscapeLeft UIInterfaceOrientationLandscapeRight";
				LD_RUNPATH_SEARCH_PATHS = (
					"$(inherited)",
					"@executable_path/Frameworks",
				);
				MARKETING_VERSION = 1.0;
				PRODUCT_BUNDLE_IDENTIFIER = com.dhanush.TabletxNasa;
				PRODUCT_NAME = "$(TARGET_NAME)";
				SWIFT_EMIT_LOC_STRINGS = YES;
				SWIFT_STRICT_CONCURRENCY = complete;
				SWIFT_VERSION = 5.0;
				TARGETED_DEVICE_FAMILY = "1,2";
			};
			name = Debug;
		};
		6DC132042C1441A600B7F2FE /* Release */ = {
			isa = XCBuildConfiguration;
			buildSettings = {
				ASSETCATALOG_COMPILER_APPICON_NAME = AppIcon;
				ASSETCATALOG_COMPILER_GLOBAL_ACCENT_COLOR_NAME = AccentColor;
				CODE_SIGN_STYLE = Automatic;
				CURRENT_PROJECT_VERSION = 1;
				DEVELOPMENT_TEAM = A3T35WB49A;
				GENERATE_INFOPLIST_FILE = YES;
				INFOPLIST_FILE = TabletxNasa/Info.plist;
				INFOPLIST_KEY_UIApplicationSupportsIndirectInputEvents = YES;
				INFOPLIST_KEY_UILaunchStoryboardName = LaunchScreen;
				INFOPLIST_KEY_UISupportedInterfaceOrientations_iPad = "UIInterfaceOrientationPortrait UIInterfaceOrientationPortraitUpsideDown UIInterfaceOrientationLandscapeLeft UIInterfaceOrientationLandscapeRight";
				INFOPLIST_KEY_UISupportedInterfaceOrientations_iPhone = "UIInterfaceOrientationPortrait UIInterfaceOrientationLandscapeLeft UIInterfaceOrientationLandscapeRight";
				LD_RUNPATH_SEARCH_PATHS = (
					"$(inherited)",
					"@executable_path/Frameworks",
				);
				MARKETING_VERSION = 1.0;
				PRODUCT_BUNDLE_IDENTIFIER = com.dhanush.TabletxNasa;
				PRODUCT_NAME = "$(TARGET_NAME)";
				SWIFT_EMIT_LOC_STRINGS = YES;
				SWIFT_STRICT_CONCURRENCY = complete;
				SWIFT_VERSION = 5.0;
				TARGETED_DEVICE_FAMILY = "1,2";
			};
			name = Release;
		};
		6DC132062C1441A600B7F2FE /* Debug */ = {
			isa = XCBuildConfiguration;
			buildSettings = {
				ALWAYS_EMBED_SWIFT_STANDARD_LIBRARIES = YES;
				BUNDLE_LOADER = "$(TEST_HOST)";
				CODE_SIGN_STYLE = Automatic;
				CURRENT_PROJECT_VERSION = 1;
				DEVELOPMENT_TEAM = A3T35WB49A;
				GENERATE_INFOPLIST_FILE = YES;
				IPHONEOS_DEPLOYMENT_TARGET = 17.2;
				MARKETING_VERSION = 1.0;
				PRODUCT_BUNDLE_IDENTIFIER = com.dhanush.TabletxNasaTests;
				PRODUCT_NAME = "$(TARGET_NAME)";
				SWIFT_EMIT_LOC_STRINGS = NO;
				SWIFT_VERSION = 5.0;
				TARGETED_DEVICE_FAMILY = "1,2";
				TEST_HOST = "$(BUILT_PRODUCTS_DIR)/TabletxNasa.app/$(BUNDLE_EXECUTABLE_FOLDER_PATH)/TabletxNasa";
			};
			name = Debug;
		};
		6DC132072C1441A600B7F2FE /* Release */ = {
			isa = XCBuildConfiguration;
			buildSettings = {
				ALWAYS_EMBED_SWIFT_STANDARD_LIBRARIES = YES;
				BUNDLE_LOADER = "$(TEST_HOST)";
				CODE_SIGN_STYLE = Automatic;
				CURRENT_PROJECT_VERSION = 1;
				DEVELOPMENT_TEAM = A3T35WB49A;
				GENERATE_INFOPLIST_FILE = YES;
				IPHONEOS_DEPLOYMENT_TARGET = 17.2;
				MARKETING_VERSION = 1.0;
				PRODUCT_BUNDLE_IDENTIFIER = com.dhanush.TabletxNasaTests;
				PRODUCT_NAME = "$(TARGET_NAME)";
				SWIFT_EMIT_LOC_STRINGS = NO;
				SWIFT_VERSION = 5.0;
				TARGETED_DEVICE_FAMILY = "1,2";
				TEST_HOST = "$(BUILT_PRODUCTS_DIR)/TabletxNasa.app/$(BUNDLE_EXECUTABLE_FOLDER_PATH)/TabletxNasa";
			};
			name = Release;
		};
/* End XCBuildConfiguration section */

/* Begin XCConfigurationList section */
		6DC131D32C1441A200B7F2FE /* Build configuration list for PBXProject "TabletxNasa" */ = {
			isa = XCConfigurationList;
			buildConfigurations = (
				6DC132002C1441A600B7F2FE /* Debug */,
				6DC132012C1441A600B7F2FE /* Release */,
			);
			defaultConfigurationIsVisible = 0;
			defaultConfigurationName = Release;
		};
		6DC132022C1441A600B7F2FE /* Build configuration list for PBXNativeTarget "TabletxNasa" */ = {
			isa = XCConfigurationList;
			buildConfigurations = (
				6DC132032C1441A600B7F2FE /* Debug */,
				6DC132042C1441A600B7F2FE /* Release */,
			);
			defaultConfigurationIsVisible = 0;
			defaultConfigurationName = Release;
		};
		6DC132052C1441A600B7F2FE /* Build configuration list for PBXNativeTarget "TabletxNasaTests" */ = {
			isa = XCConfigurationList;
			buildConfigurations = (
				6DC132062C1441A600B7F2FE /* Debug */,
				6DC132072C1441A600B7F2FE /* Release */,
			);
			defaultConfigurationIsVisible = 0;
			defaultConfigurationName = Release;
		};
/* End XCConfigurationList section */
	};
	rootObject = 6DC131D02C1441A200B7F2FE /* Project object */;
}
